
Microsoft Visual Studio Solution File, Format Version 12.00
# Visual Studio Version 17
VisualStudioVersion = 17.0.31903.59
MinimumVisualStudioVersion = 10.0.40219.1
Project("{FAE04EC0-301F-11D3-BF4B-00C04F79EFBC}") = "MyTestConsoleApp", "MyTestConsoleApp\MyTestConsoleApp.csproj", "{BFFF2247-2900-4B3E-A2FF-54B8239CB92E}"
EndProject
Project("{66A26720-8FB5-11D2-AA7E-00C04F688DDE}") = "Diagrams", "Diagrams", "{A1F5610B-0A6C-46C3-A620-36D3CF5E9F11}"
EndProject
Project("{66A26720-8FB5-11D2-AA7E-00C04F688DDE}") = "Docs", "Docs", "{CCB748A8-1B89-4594-9A9B-7AE019CBF8D2}"
EndProject
Project("{66A26720-8FB5-11D2-AA7E-00C04F688DDE}") = "Samples", "Samples", "{2A49729A-F046-4D8E-A34A-BC6025EC28E0}"
EndProject
Project("{66A26720-8FB5-11D2-AA7E-00C04F688DDE}") = "Source", "Source", "{4AA6B069-D7F4-4F7A-BB61-7FDB970E6B38}"
EndProject
Project("{66A26720-8FB5-11D2-AA7E-00C04F688DDE}") = ".github", ".github", "{A58432C8-A36C-42A2-B7B5-8D31BA9662B4}"
EndProject
Project("{66A26720-8FB5-11D2-AA7E-00C04F688DDE}") = "Other", "Other", "{B975472D-6C4C-4695-857B-C3C9EC243871}"
EndProject
Project("{FAE04EC0-301F-11D3-BF4B-00C04F79EFBC}") = "GenericScreenGenApp", "GenericScreenGenApp\GenericScreenGenApp.csproj", "{67F08C9F-07DB-44C5-9DE9-F2FEDFD5B046}"
EndProject
Project("{FAE04EC0-301F-11D3-BF4B-00C04F79EFBC}") = "GenericScreenGenInterfacesLib", "GenericScreenGenInterfacesLib\GenericScreenGenInterfacesLib.csproj", "{7408D877-5C24-43E4-96D1-B79DC2611580}"
EndProject
Project("{FAE04EC0-301F-11D3-BF4B-00C04F79EFBC}") = "GenericScreenGenFactoryLib", "GenericScreenGenFactoryLib\GenericScreenGenFactoryLib.csproj", "{C3307732-8A50-4010-847F-F574C0B28635}"
EndProject
Project("{FAE04EC0-301F-11D3-BF4B-00C04F79EFBC}") = "GenericScreenGenImplementationsLib", "GenericScreenGenImplementationsLib\GenericScreenGenImplementationsLib.csproj", "{6CB2284A-4C58-4225-A3A8-CEA92519B805}"
EndProject
Project("{FAE04EC0-301F-11D3-BF4B-00C04F79EFBC}") = "GenericScreenGenUtilsLib", "GenericScreenGenUtilsLib\GenericScreenGenUtilsLib.csproj", "{DA438636-85AF-4ABE-BE11-88EFBFDCB891}"
EndProject
Global
	GlobalSection(SolutionConfigurationPlatforms) = preSolution
		Debug|Any CPU = Debug|Any CPU
		Debug|x64 = Debug|x64
		Debug|x86 = Debug|x86
		Release|Any CPU = Release|Any CPU
		Release|x64 = Release|x64
		Release|x86 = Release|x86
	EndGlobalSection
	GlobalSection(ProjectConfigurationPlatforms) = postSolution
		{BFFF2247-2900-4B3E-A2FF-54B8239CB92E}.Debug|Any CPU.ActiveCfg = Debug|Any CPU
		{BFFF2247-2900-4B3E-A2FF-54B8239CB92E}.Debug|Any CPU.Build.0 = Debug|Any CPU
		{BFFF2247-2900-4B3E-A2FF-54B8239CB92E}.Debug|x64.ActiveCfg = Debug|Any CPU
		{BFFF2247-2900-4B3E-A2FF-54B8239CB92E}.Debug|x64.Build.0 = Debug|Any CPU
		{BFFF2247-2900-4B3E-A2FF-54B8239CB92E}.Debug|x86.ActiveCfg = Debug|Any CPU
		{BFFF2247-2900-4B3E-A2FF-54B8239CB92E}.Debug|x86.Build.0 = Debug|Any CPU
		{BFFF2247-2900-4B3E-A2FF-54B8239CB92E}.Release|Any CPU.ActiveCfg = Release|Any CPU
		{BFFF2247-2900-4B3E-A2FF-54B8239CB92E}.Release|Any CPU.Build.0 = Release|Any CPU
		{BFFF2247-2900-4B3E-A2FF-54B8239CB92E}.Release|x64.ActiveCfg = Release|Any CPU
		{BFFF2247-2900-4B3E-A2FF-54B8239CB92E}.Release|x64.Build.0 = Release|Any CPU
		{BFFF2247-2900-4B3E-A2FF-54B8239CB92E}.Release|x86.ActiveCfg = Release|Any CPU
		{BFFF2247-2900-4B3E-A2FF-54B8239CB92E}.Release|x86.Build.0 = Release|Any CPU
		{67F08C9F-07DB-44C5-9DE9-F2FEDFD5B046}.Debug|Any CPU.ActiveCfg = Debug|Any CPU
		{67F08C9F-07DB-44C5-9DE9-F2FEDFD5B046}.Debug|Any CPU.Build.0 = Debug|Any CPU
		{67F08C9F-07DB-44C5-9DE9-F2FEDFD5B046}.Debug|x64.ActiveCfg = Debug|Any CPU
		{67F08C9F-07DB-44C5-9DE9-F2FEDFD5B046}.Debug|x64.Build.0 = Debug|Any CPU
		{67F08C9F-07DB-44C5-9DE9-F2FEDFD5B046}.Debug|x86.ActiveCfg = Debug|Any CPU
		{67F08C9F-07DB-44C5-9DE9-F2FEDFD5B046}.Debug|x86.Build.0 = Debug|Any CPU
		{67F08C9F-07DB-44C5-9DE9-F2FEDFD5B046}.Release|Any CPU.ActiveCfg = Release|Any CPU
		{67F08C9F-07DB-44C5-9DE9-F2FEDFD5B046}.Release|Any CPU.Build.0 = Release|Any CPU
		{67F08C9F-07DB-44C5-9DE9-F2FEDFD5B046}.Release|x64.ActiveCfg = Release|Any CPU
		{67F08C9F-07DB-44C5-9DE9-F2FEDFD5B046}.Release|x64.Build.0 = Release|Any CPU
		{67F08C9F-07DB-44C5-9DE9-F2FEDFD5B046}.Release|x86.ActiveCfg = Release|Any CPU
		{67F08C9F-07DB-44C5-9DE9-F2FEDFD5B046}.Release|x86.Build.0 = Release|Any CPU
		{7408D877-5C24-43E4-96D1-B79DC2611580}.Debug|Any CPU.ActiveCfg = Debug|Any CPU
		{7408D877-5C24-43E4-96D1-B79DC2611580}.Debug|Any CPU.Build.0 = Debug|Any CPU
		{7408D877-5C24-43E4-96D1-B79DC2611580}.Debug|x64.ActiveCfg = Debug|Any CPU
		{7408D877-5C24-43E4-96D1-B79DC2611580}.Debug|x64.Build.0 = Debug|Any CPU
		{7408D877-5C24-43E4-96D1-B79DC2611580}.Debug|x86.ActiveCfg = Debug|Any CPU
		{7408D877-5C24-43E4-96D1-B79DC2611580}.Debug|x86.Build.0 = Debug|Any CPU
		{7408D877-5C24-43E4-96D1-B79DC2611580}.Release|Any CPU.ActiveCfg = Release|Any CPU
		{7408D877-5C24-43E4-96D1-B79DC2611580}.Release|Any CPU.Build.0 = Release|Any CPU
		{7408D877-5C24-43E4-96D1-B79DC2611580}.Release|x64.ActiveCfg = Release|Any CPU
		{7408D877-5C24-43E4-96D1-B79DC2611580}.Release|x64.Build.0 = Release|Any CPU
		{7408D877-5C24-43E4-96D1-B79DC2611580}.Release|x86.ActiveCfg = Release|Any CPU
		{7408D877-5C24-43E4-96D1-B79DC2611580}.Release|x86.Build.0 = Release|Any CPU
		{C3307732-8A50-4010-847F-F574C0B28635}.Debug|Any CPU.ActiveCfg = Debug|Any CPU
		{C3307732-8A50-4010-847F-F574C0B28635}.Debug|Any CPU.Build.0 = Debug|Any CPU
		{C3307732-8A50-4010-847F-F574C0B28635}.Debug|x64.ActiveCfg = Debug|Any CPU
		{C3307732-8A50-4010-847F-F574C0B28635}.Debug|x64.Build.0 = Debug|Any CPU
		{C3307732-8A50-4010-847F-F574C0B28635}.Debug|x86.ActiveCfg = Debug|Any CPU
		{C3307732-8A50-4010-847F-F574C0B28635}.Debug|x86.Build.0 = Debug|Any CPU
		{C3307732-8A50-4010-847F-F574C0B28635}.Release|Any CPU.ActiveCfg = Release|Any CPU
		{C3307732-8A50-4010-847F-F574C0B28635}.Release|Any CPU.Build.0 = Release|Any CPU
		{C3307732-8A50-4010-847F-F574C0B28635}.Release|x64.ActiveCfg = Release|Any CPU
		{C3307732-8A50-4010-847F-F574C0B28635}.Release|x64.Build.0 = Release|Any CPU
		{C3307732-8A50-4010-847F-F574C0B28635}.Release|x86.ActiveCfg = Release|Any CPU
		{C3307732-8A50-4010-847F-F574C0B28635}.Release|x86.Build.0 = Release|Any CPU
		{6CB2284A-4C58-4225-A3A8-CEA92519B805}.Debug|Any CPU.ActiveCfg = Debug|Any CPU
		{6CB2284A-4C58-4225-A3A8-CEA92519B805}.Debug|Any CPU.Build.0 = Debug|Any CPU
		{6CB2284A-4C58-4225-A3A8-CEA92519B805}.Debug|x64.ActiveCfg = Debug|Any CPU
		{6CB2284A-4C58-4225-A3A8-CEA92519B805}.Debug|x64.Build.0 = Debug|Any CPU
		{6CB2284A-4C58-4225-A3A8-CEA92519B805}.Debug|x86.ActiveCfg = Debug|Any CPU
		{6CB2284A-4C58-4225-A3A8-CEA92519B805}.Debug|x86.Build.0 = Debug|Any CPU
		{6CB2284A-4C58-4225-A3A8-CEA92519B805}.Release|Any CPU.ActiveCfg = Release|Any CPU
		{6CB2284A-4C58-4225-A3A8-CEA92519B805}.Release|Any CPU.Build.0 = Release|Any CPU
		{6CB2284A-4C58-4225-A3A8-CEA92519B805}.Release|x64.ActiveCfg = Release|Any CPU
		{6CB2284A-4C58-4225-A3A8-CEA92519B805}.Release|x64.Build.0 = Release|Any CPU
		{6CB2284A-4C58-4225-A3A8-CEA92519B805}.Release|x86.ActiveCfg = Release|Any CPU
		{6CB2284A-4C58-4225-A3A8-CEA92519B805}.Release|x86.Build.0 = Release|Any CPU
		{DA438636-85AF-4ABE-BE11-88EFBFDCB891}.Debug|Any CPU.ActiveCfg = Debug|Any CPU
		{DA438636-85AF-4ABE-BE11-88EFBFDCB891}.Debug|Any CPU.Build.0 = Debug|Any CPU
		{DA438636-85AF-4ABE-BE11-88EFBFDCB891}.Debug|x64.ActiveCfg = Debug|Any CPU
		{DA438636-85AF-4ABE-BE11-88EFBFDCB891}.Debug|x64.Build.0 = Debug|Any CPU
		{DA438636-85AF-4ABE-BE11-88EFBFDCB891}.Debug|x86.ActiveCfg = Debug|Any CPU
		{DA438636-85AF-4ABE-BE11-88EFBFDCB891}.Debug|x86.Build.0 = Debug|Any CPU
		{DA438636-85AF-4ABE-BE11-88EFBFDCB891}.Release|Any CPU.ActiveCfg = Release|Any CPU
		{DA438636-85AF-4ABE-BE11-88EFBFDCB891}.Release|Any CPU.Build.0 = Release|Any CPU
		{DA438636-85AF-4ABE-BE11-88EFBFDCB891}.Release|x64.ActiveCfg = Release|Any CPU
		{DA438636-85AF-4ABE-BE11-88EFBFDCB891}.Release|x64.Build.0 = Release|Any CPU
		{DA438636-85AF-4ABE-BE11-88EFBFDCB891}.Release|x86.ActiveCfg = Release|Any CPU
		{DA438636-85AF-4ABE-BE11-88EFBFDCB891}.Release|x86.Build.0 = Release|Any CPU
	EndGlobalSection
	GlobalSection(SolutionProperties) = preSolution
		HideSolutionNode = FALSE
	EndGlobalSection
	GlobalSection(NestedProjects) = preSolution
		{BFFF2247-2900-4B3E-A2FF-54B8239CB92E} = {4AA6B069-D7F4-4F7A-BB61-7FDB970E6B38}
		{67F08C9F-07DB-44C5-9DE9-F2FEDFD5B046} = {4AA6B069-D7F4-4F7A-BB61-7FDB970E6B38}
		{7408D877-5C24-43E4-96D1-B79DC2611580} = {4AA6B069-D7F4-4F7A-BB61-7FDB970E6B38}
		{C3307732-8A50-4010-847F-F574C0B28635} = {4AA6B069-D7F4-4F7A-BB61-7FDB970E6B38}
		{6CB2284A-4C58-4225-A3A8-CEA92519B805} = {4AA6B069-D7F4-4F7A-BB61-7FDB970E6B38}
		{DA438636-85AF-4ABE-BE11-88EFBFDCB891} = {4AA6B069-D7F4-4F7A-BB61-7FDB970E6B38}
	EndGlobalSection
EndGlobal
